
Microsoft Visual Studio Solution File, Format Version 12.00
# Visual Studio Version 17
VisualStudioVersion = 17.0.31903.59
MinimumVisualStudioVersion = 10.0.40219.1
Project("{2150E333-8FDC-42A3-9474-1A3956D46DE8}") = "Services", "Services", "{29F41BA8-C5C0-43B1-BE80-C5A9C3BB740B}"
EndProject
Project("{2150E333-8FDC-42A3-9474-1A3956D46DE8}") = "Catalog", "Catalog", "{C2DCCB70-EC3E-4AC9-B136-C51FE6EFF632}"
EndProject
Project("{FAE04EC0-301F-11D3-BF4B-00C04F79EFBC}") = "Catalog.API", "Services\Catalog\Catalog.API\Catalog.API.csproj", "{E5EC3BCA-6C95-47AF-8944-945A94BAD36F}"
EndProject
Project("{2150E333-8FDC-42A3-9474-1A3956D46DE8}") = "Basket", "Basket", "{24B3A22C-888E-44D7-8B03-7850401DB96B}"
EndProject
Project("{FAE04EC0-301F-11D3-BF4B-00C04F79EFBC}") = "Basket.API", "Services\Basket\Basket.API\Basket.API.csproj", "{39059E9F-A96E-4B18-8DAA-51AEA0E5AB3F}"
EndProject
Project("{2150E333-8FDC-42A3-9474-1A3956D46DE8}") = "Discount", "Discount", "{C9483B9B-2ACE-440E-AA94-BA82202CA022}"
EndProject
Project("{FAE04EC0-301F-11D3-BF4B-00C04F79EFBC}") = "Discount.Grpc", "Services\Discount\Discount.Grpc\Discount.Grpc.csproj", "{8A9C10C3-5513-4EC5-A8DF-5E352FE62770}"
EndProject
Project("{2150E333-8FDC-42A3-9474-1A3956D46DE8}") = "Ordering", "Ordering", "{D373C51C-E3CF-40EE-A269-AA813D0AD093}"
EndProject
Project("{FAE04EC0-301F-11D3-BF4B-00C04F79EFBC}") = "Ordering.API", "Services\Ordering\Ordering.API\Ordering.API.csproj", "{7745A7FA-068A-4C53-B21A-B11116EA5AE1}"
EndProject
Project("{FAE04EC0-301F-11D3-BF4B-00C04F79EFBC}") = "Ordering.Application", "Services\Ordering\Ordering.Application\Ordering.Application.csproj", "{B43D387D-D12C-45D4-981F-7081059B7688}"
EndProject
Project("{FAE04EC0-301F-11D3-BF4B-00C04F79EFBC}") = "Ordering.Domain", "Services\Ordering\Ordering.Domain\Ordering.Domain.csproj", "{AEF4106C-C614-4518-987D-3FBACC65497F}"
EndProject
Project("{FAE04EC0-301F-11D3-BF4B-00C04F79EFBC}") = "Ordering.Infrastructure", "Services\Ordering\Ordering.Infrastructure\Ordering.Infrastructure.csproj", "{C68544AD-B370-4B28-8D26-13FB0ACC9A52}"
EndProject
Project("{2150E333-8FDC-42A3-9474-1A3956D46DE8}") = "BuildingBlocks", "BuildingBlocks", "{4E80DE48-AB5D-4865-B274-899B43C8BD6D}"
EndProject
Project("{FAE04EC0-301F-11D3-BF4B-00C04F79EFBC}") = "BuildingBlocks", "BuildingBlocks\BuildingBlocks\BuildingBlocks.csproj", "{0DBA2ABF-94DB-4941-887D-6FC0BC5F0CAB}"
EndProject
Project("{FAE04EC0-301F-11D3-BF4B-00C04F79EFBC}") = "BuildingBlocks.Messaging", "BuildingBlocks\BuildingBlocks.Messaging\BuildingBlocks.Messaging.csproj", "{AA7448B7-2EAC-4D6B-944E-105BBDEB0F7E}"
EndProject
Project("{2150E333-8FDC-42A3-9474-1A3956D46DE8}") = "ApiGateways", "ApiGateways", "{55AF1906-8864-47D9-B9BD-4245051993FD}"
EndProject
Project("{FAE04EC0-301F-11D3-BF4B-00C04F79EFBC}") = "YarpApiGateway", "ApiGateways\YarpApiGateway\YarpApiGateway.csproj", "{CA4FBE81-8CB7-48FB-8C6F-236B84BEF6CB}"
EndProject
Project("{2150E333-8FDC-42A3-9474-1A3956D46DE8}") = "Clients", "Clients", "{9F0B1772-E7DA-4934-BD58-9725CA547800}"
EndProject
Project("{FAE04EC0-301F-11D3-BF4B-00C04F79EFBC}") = "Shopping.Web", "Clients\Shopping.Web\Shopping.Web.csproj", "{61444980-8E79-4A26-AE3C-FAB19FBE2CA8}"
EndProject
Global
	GlobalSection(SolutionConfigurationPlatforms) = preSolution
		Debug|Any CPU = Debug|Any CPU
		Release|Any CPU = Release|Any CPU
	EndGlobalSection
	GlobalSection(SolutionProperties) = preSolution
		HideSolutionNode = FALSE
	EndGlobalSection
	GlobalSection(ProjectConfigurationPlatforms) = postSolution
		{E5EC3BCA-6C95-47AF-8944-945A94BAD36F}.Debug|Any CPU.ActiveCfg = Debug|Any CPU
		{E5EC3BCA-6C95-47AF-8944-945A94BAD36F}.Debug|Any CPU.Build.0 = Debug|Any CPU
		{E5EC3BCA-6C95-47AF-8944-945A94BAD36F}.Release|Any CPU.ActiveCfg = Release|Any CPU
		{E5EC3BCA-6C95-47AF-8944-945A94BAD36F}.Release|Any CPU.Build.0 = Release|Any CPU
		{39059E9F-A96E-4B18-8DAA-51AEA0E5AB3F}.Debug|Any CPU.ActiveCfg = Debug|Any CPU
		{39059E9F-A96E-4B18-8DAA-51AEA0E5AB3F}.Debug|Any CPU.Build.0 = Debug|Any CPU
		{39059E9F-A96E-4B18-8DAA-51AEA0E5AB3F}.Release|Any CPU.ActiveCfg = Release|Any CPU
		{39059E9F-A96E-4B18-8DAA-51AEA0E5AB3F}.Release|Any CPU.Build.0 = Release|Any CPU
		{8A9C10C3-5513-4EC5-A8DF-5E352FE62770}.Debug|Any CPU.ActiveCfg = Debug|Any CPU
		{8A9C10C3-5513-4EC5-A8DF-5E352FE62770}.Debug|Any CPU.Build.0 = Debug|Any CPU
		{8A9C10C3-5513-4EC5-A8DF-5E352FE62770}.Release|Any CPU.ActiveCfg = Release|Any CPU
		{8A9C10C3-5513-4EC5-A8DF-5E352FE62770}.Release|Any CPU.Build.0 = Release|Any CPU
		{7745A7FA-068A-4C53-B21A-B11116EA5AE1}.Debug|Any CPU.ActiveCfg = Debug|Any CPU
		{7745A7FA-068A-4C53-B21A-B11116EA5AE1}.Debug|Any CPU.Build.0 = Debug|Any CPU
		{7745A7FA-068A-4C53-B21A-B11116EA5AE1}.Release|Any CPU.ActiveCfg = Release|Any CPU
		{7745A7FA-068A-4C53-B21A-B11116EA5AE1}.Release|Any CPU.Build.0 = Release|Any CPU
		{B43D387D-D12C-45D4-981F-7081059B7688}.Debug|Any CPU.ActiveCfg = Debug|Any CPU
		{B43D387D-D12C-45D4-981F-7081059B7688}.Debug|Any CPU.Build.0 = Debug|Any CPU
		{B43D387D-D12C-45D4-981F-7081059B7688}.Release|Any CPU.ActiveCfg = Release|Any CPU
		{B43D387D-D12C-45D4-981F-7081059B7688}.Release|Any CPU.Build.0 = Release|Any CPU
		{AEF4106C-C614-4518-987D-3FBACC65497F}.Debug|Any CPU.ActiveCfg = Debug|Any CPU
		{AEF4106C-C614-4518-987D-3FBACC65497F}.Debug|Any CPU.Build.0 = Debug|Any CPU
		{AEF4106C-C614-4518-987D-3FBACC65497F}.Release|Any CPU.ActiveCfg = Release|Any CPU
		{AEF4106C-C614-4518-987D-3FBACC65497F}.Release|Any CPU.Build.0 = Release|Any CPU
		{C68544AD-B370-4B28-8D26-13FB0ACC9A52}.Debug|Any CPU.ActiveCfg = Debug|Any CPU
		{C68544AD-B370-4B28-8D26-13FB0ACC9A52}.Debug|Any CPU.Build.0 = Debug|Any CPU
		{C68544AD-B370-4B28-8D26-13FB0ACC9A52}.Release|Any CPU.ActiveCfg = Release|Any CPU
		{C68544AD-B370-4B28-8D26-13FB0ACC9A52}.Release|Any CPU.Build.0 = Release|Any CPU
		{0DBA2ABF-94DB-4941-887D-6FC0BC5F0CAB}.Debug|Any CPU.ActiveCfg = Debug|Any CPU
		{0DBA2ABF-94DB-4941-887D-6FC0BC5F0CAB}.Debug|Any CPU.Build.0 = Debug|Any CPU
		{0DBA2ABF-94DB-4941-887D-6FC0BC5F0CAB}.Release|Any CPU.ActiveCfg = Release|Any CPU
		{0DBA2ABF-94DB-4941-887D-6FC0BC5F0CAB}.Release|Any CPU.Build.0 = Release|Any CPU
		{AA7448B7-2EAC-4D6B-944E-105BBDEB0F7E}.Debug|Any CPU.ActiveCfg = Debug|Any CPU
		{AA7448B7-2EAC-4D6B-944E-105BBDEB0F7E}.Debug|Any CPU.Build.0 = Debug|Any CPU
		{AA7448B7-2EAC-4D6B-944E-105BBDEB0F7E}.Release|Any CPU.ActiveCfg = Release|Any CPU
		{AA7448B7-2EAC-4D6B-944E-105BBDEB0F7E}.Release|Any CPU.Build.0 = Release|Any CPU
		{CA4FBE81-8CB7-48FB-8C6F-236B84BEF6CB}.Debug|Any CPU.ActiveCfg = Debug|Any CPU
		{CA4FBE81-8CB7-48FB-8C6F-236B84BEF6CB}.Debug|Any CPU.Build.0 = Debug|Any CPU
		{CA4FBE81-8CB7-48FB-8C6F-236B84BEF6CB}.Release|Any CPU.ActiveCfg = Release|Any CPU
		{CA4FBE81-8CB7-48FB-8C6F-236B84BEF6CB}.Release|Any CPU.Build.0 = Release|Any CPU
		{61444980-8E79-4A26-AE3C-FAB19FBE2CA8}.Debug|Any CPU.ActiveCfg = Debug|Any CPU
		{61444980-8E79-4A26-AE3C-FAB19FBE2CA8}.Debug|Any CPU.Build.0 = Debug|Any CPU
		{61444980-8E79-4A26-AE3C-FAB19FBE2CA8}.Release|Any CPU.ActiveCfg = Release|Any CPU
		{61444980-8E79-4A26-AE3C-FAB19FBE2CA8}.Release|Any CPU.Build.0 = Release|Any CPU
	EndGlobalSection
	GlobalSection(NestedProjects) = preSolution
		{C2DCCB70-EC3E-4AC9-B136-C51FE6EFF632} = {29F41BA8-C5C0-43B1-BE80-C5A9C3BB740B}
		{E5EC3BCA-6C95-47AF-8944-945A94BAD36F} = {C2DCCB70-EC3E-4AC9-B136-C51FE6EFF632}
		{24B3A22C-888E-44D7-8B03-7850401DB96B} = {29F41BA8-C5C0-43B1-BE80-C5A9C3BB740B}
		{39059E9F-A96E-4B18-8DAA-51AEA0E5AB3F} = {24B3A22C-888E-44D7-8B03-7850401DB96B}
		{C9483B9B-2ACE-440E-AA94-BA82202CA022} = {29F41BA8-C5C0-43B1-BE80-C5A9C3BB740B}
		{8A9C10C3-5513-4EC5-A8DF-5E352FE62770} = {C9483B9B-2ACE-440E-AA94-BA82202CA022}
		{D373C51C-E3CF-40EE-A269-AA813D0AD093} = {29F41BA8-C5C0-43B1-BE80-C5A9C3BB740B}
		{7745A7FA-068A-4C53-B21A-B11116EA5AE1} = {D373C51C-E3CF-40EE-A269-AA813D0AD093}
		{B43D387D-D12C-45D4-981F-7081059B7688} = {D373C51C-E3CF-40EE-A269-AA813D0AD093}
		{AEF4106C-C614-4518-987D-3FBACC65497F} = {D373C51C-E3CF-40EE-A269-AA813D0AD093}
		{C68544AD-B370-4B28-8D26-13FB0ACC9A52} = {D373C51C-E3CF-40EE-A269-AA813D0AD093}
		{0DBA2ABF-94DB-4941-887D-6FC0BC5F0CAB} = {4E80DE48-AB5D-4865-B274-899B43C8BD6D}
		{AA7448B7-2EAC-4D6B-944E-105BBDEB0F7E} = {4E80DE48-AB5D-4865-B274-899B43C8BD6D}
		{CA4FBE81-8CB7-48FB-8C6F-236B84BEF6CB} = {55AF1906-8864-47D9-B9BD-4245051993FD}
		{61444980-8E79-4A26-AE3C-FAB19FBE2CA8} = {9F0B1772-E7DA-4934-BD58-9725CA547800}
	EndGlobalSection
EndGlobal
